// !$*UTF8*$!
{
	archiveVersion = 1;
	classes = {
	};
	objectVersion = 50;
	objects = {

/* Begin PBXBuildFile section */
		28BA2FE02282003800EF9070 /* AppDelegate.swift in Sources */ = {isa = PBXBuildFile; fileRef = 28BA2FDF2282003800EF9070 /* AppDelegate.swift */; };
		28BA2FE22282003800EF9070 /* TripsViewController.swift in Sources */ = {isa = PBXBuildFile; fileRef = 28BA2FE12282003800EF9070 /* TripsViewController.swift */; };
		28BA2FE52282003800EF9070 /* Main.storyboard in Resources */ = {isa = PBXBuildFile; fileRef = 28BA2FE32282003800EF9070 /* Main.storyboard */; };
		28BA2FE82282003800EF9070 /* Round_Trip.xcdatamodeld in Sources */ = {isa = PBXBuildFile; fileRef = 28BA2FE62282003800EF9070 /* Round_Trip.xcdatamodeld */; };
		28BA2FEA2282003900EF9070 /* Assets.xcassets in Resources */ = {isa = PBXBuildFile; fileRef = 28BA2FE92282003900EF9070 /* Assets.xcassets */; };
		28BA2FED2282003900EF9070 /* LaunchScreen.storyboard in Resources */ = {isa = PBXBuildFile; fileRef = 28BA2FEB2282003900EF9070 /* LaunchScreen.storyboard */; };
		28BA2FF82282003900EF9070 /* Round_TripTests.swift in Sources */ = {isa = PBXBuildFile; fileRef = 28BA2FF72282003900EF9070 /* Round_TripTests.swift */; };
		28BA30032282003900EF9070 /* Round_TripUITests.swift in Sources */ = {isa = PBXBuildFile; fileRef = 28BA30022282003900EF9070 /* Round_TripUITests.swift */; };
		28BA30142282044D00EF9070 /* TripsTableViewCell.swift in Sources */ = {isa = PBXBuildFile; fileRef = 28BA30132282044D00EF9070 /* TripsTableViewCell.swift */; };
		28BA3016228210FF00EF9070 /* AddTripViewController.swift in Sources */ = {isa = PBXBuildFile; fileRef = 28BA3015228210FF00EF9070 /* AddTripViewController.swift */; };
/* End PBXBuildFile section */

/* Begin PBXContainerItemProxy section */
		28BA2FF42282003900EF9070 /* PBXContainerItemProxy */ = {
			isa = PBXContainerItemProxy;
			containerPortal = 28BA2FD42282003800EF9070 /* Project object */;
			proxyType = 1;
			remoteGlobalIDString = 28BA2FDB2282003800EF9070;
			remoteInfo = "Round Trip";
		};
		28BA2FFF2282003900EF9070 /* PBXContainerItemProxy */ = {
			isa = PBXContainerItemProxy;
			containerPortal = 28BA2FD42282003800EF9070 /* Project object */;
			proxyType = 1;
			remoteGlobalIDString = 28BA2FDB2282003800EF9070;
			remoteInfo = "Round Trip";
		};
/* End PBXContainerItemProxy section */

/* Begin PBXFileReference section */
		28BA2FDC2282003800EF9070 /* Round Trip.app */ = {isa = PBXFileReference; explicitFileType = wrapper.application; includeInIndex = 0; path = "Round Trip.app"; sourceTree = BUILT_PRODUCTS_DIR; };
		28BA2FDF2282003800EF9070 /* AppDelegate.swift */ = {isa = PBXFileReference; lastKnownFileType = sourcecode.swift; path = AppDelegate.swift; sourceTree = "<group>"; };
		28BA2FE12282003800EF9070 /* TripsViewController.swift */ = {isa = PBXFileReference; lastKnownFileType = sourcecode.swift; path = TripsViewController.swift; sourceTree = "<group>"; };
		28BA2FE42282003800EF9070 /* Base */ = {isa = PBXFileReference; lastKnownFileType = file.storyboard; name = Base; path = Base.lproj/Main.storyboard; sourceTree = "<group>"; };
		28BA2FE72282003800EF9070 /* Round_Trip.xcdatamodel */ = {isa = PBXFileReference; lastKnownFileType = wrapper.xcdatamodel; path = Round_Trip.xcdatamodel; sourceTree = "<group>"; };
		28BA2FE92282003900EF9070 /* Assets.xcassets */ = {isa = PBXFileReference; lastKnownFileType = folder.assetcatalog; path = Assets.xcassets; sourceTree = "<group>"; };
		28BA2FEC2282003900EF9070 /* Base */ = {isa = PBXFileReference; lastKnownFileType = file.storyboard; name = Base; path = Base.lproj/LaunchScreen.storyboard; sourceTree = "<group>"; };
		28BA2FEE2282003900EF9070 /* Info.plist */ = {isa = PBXFileReference; lastKnownFileType = text.plist.xml; path = Info.plist; sourceTree = "<group>"; };
		28BA2FF32282003900EF9070 /* Round TripTests.xctest */ = {isa = PBXFileReference; explicitFileType = wrapper.cfbundle; includeInIndex = 0; path = "Round TripTests.xctest"; sourceTree = BUILT_PRODUCTS_DIR; };
		28BA2FF72282003900EF9070 /* Round_TripTests.swift */ = {isa = PBXFileReference; lastKnownFileType = sourcecode.swift; path = Round_TripTests.swift; sourceTree = "<group>"; };
		28BA2FF92282003900EF9070 /* Info.plist */ = {isa = PBXFileReference; lastKnownFileType = text.plist.xml; path = Info.plist; sourceTree = "<group>"; };
		28BA2FFE2282003900EF9070 /* Round TripUITests.xctest */ = {isa = PBXFileReference; explicitFileType = wrapper.cfbundle; includeInIndex = 0; path = "Round TripUITests.xctest"; sourceTree = BUILT_PRODUCTS_DIR; };
		28BA30022282003900EF9070 /* Round_TripUITests.swift */ = {isa = PBXFileReference; lastKnownFileType = sourcecode.swift; path = Round_TripUITests.swift; sourceTree = "<group>"; };
		28BA30042282003900EF9070 /* Info.plist */ = {isa = PBXFileReference; lastKnownFileType = text.plist.xml; path = Info.plist; sourceTree = "<group>"; };
		28BA30132282044D00EF9070 /* TripsTableViewCell.swift */ = {isa = PBXFileReference; lastKnownFileType = sourcecode.swift; path = TripsTableViewCell.swift; sourceTree = "<group>"; };
		28BA3015228210FF00EF9070 /* AddTripViewController.swift */ = {isa = PBXFileReference; lastKnownFileType = sourcecode.swift; path = AddTripViewController.swift; sourceTree = "<group>"; };
/* End PBXFileReference section */

/* Begin PBXFrameworksBuildPhase section */
		28BA2FD92282003800EF9070 /* Frameworks */ = {
			isa = PBXFrameworksBuildPhase;
			buildActionMask = 2147483647;
			files = (
			);
			runOnlyForDeploymentPostprocessing = 0;
		};
		28BA2FF02282003900EF9070 /* Frameworks */ = {
			isa = PBXFrameworksBuildPhase;
			buildActionMask = 2147483647;
			files = (
			);
			runOnlyForDeploymentPostprocessing = 0;
		};
		28BA2FFB2282003900EF9070 /* Frameworks */ = {
			isa = PBXFrameworksBuildPhase;
			buildActionMask = 2147483647;
			files = (
			);
			runOnlyForDeploymentPostprocessing = 0;
		};
/* End PBXFrameworksBuildPhase section */

/* Begin PBXGroup section */
		28BA2FD32282003800EF9070 = {
			isa = PBXGroup;
			children = (
				28BA2FDE2282003800EF9070 /* Round Trip */,
				28BA2FF62282003900EF9070 /* Round TripTests */,
				28BA30012282003900EF9070 /* Round TripUITests */,
				28BA2FDD2282003800EF9070 /* Products */,
			);
			sourceTree = "<group>";
		};
		28BA2FDD2282003800EF9070 /* Products */ = {
			isa = PBXGroup;
			children = (
				28BA2FDC2282003800EF9070 /* Round Trip.app */,
				28BA2FF32282003900EF9070 /* Round TripTests.xctest */,
				28BA2FFE2282003900EF9070 /* Round TripUITests.xctest */,
			);
			name = Products;
			sourceTree = "<group>";
		};
		28BA2FDE2282003800EF9070 /* Round Trip */ = {
			isa = PBXGroup;
			children = (
				28BA30122282013F00EF9070 /* Models */,
				28BA30112282013D00EF9070 /* Views */,
				28BA30102282013B00EF9070 /* Controllers */,
				28BA2FDF2282003800EF9070 /* AppDelegate.swift */,
				28BA2FE92282003900EF9070 /* Assets.xcassets */,
				28BA2FEB2282003900EF9070 /* LaunchScreen.storyboard */,
				28BA2FEE2282003900EF9070 /* Info.plist */,
				28BA2FE62282003800EF9070 /* Round_Trip.xcdatamodeld */,
			);
			path = "Round Trip";
			sourceTree = "<group>";
		};
		28BA2FF62282003900EF9070 /* Round TripTests */ = {
			isa = PBXGroup;
			children = (
				28BA2FF72282003900EF9070 /* Round_TripTests.swift */,
				28BA2FF92282003900EF9070 /* Info.plist */,
			);
			path = "Round TripTests";
			sourceTree = "<group>";
		};
		28BA30012282003900EF9070 /* Round TripUITests */ = {
			isa = PBXGroup;
			children = (
				28BA30022282003900EF9070 /* Round_TripUITests.swift */,
				28BA30042282003900EF9070 /* Info.plist */,
			);
			path = "Round TripUITests";
			sourceTree = "<group>";
		};
		28BA30102282013B00EF9070 /* Controllers */ = {
			isa = PBXGroup;
			children = (
				28BA2FE12282003800EF9070 /* TripsViewController.swift */,
				28BA3015228210FF00EF9070 /* AddTripViewController.swift */,
			);
			path = Controllers;
			sourceTree = "<group>";
		};
		28BA30112282013D00EF9070 /* Views */ = {
			isa = PBXGroup;
			children = (
				28BA2FE32282003800EF9070 /* Main.storyboard */,
				28BA30132282044D00EF9070 /* TripsTableViewCell.swift */,
			);
			path = Views;
			sourceTree = "<group>";
		};
		28BA30122282013F00EF9070 /* Models */ = {
			isa = PBXGroup;
			children = (
			);
			path = Models;
			sourceTree = "<group>";
		};
/* End PBXGroup section */

/* Begin PBXNativeTarget section */
		28BA2FDB2282003800EF9070 /* Round Trip */ = {
			isa = PBXNativeTarget;
			buildConfigurationList = 28BA30072282003900EF9070 /* Build configuration list for PBXNativeTarget "Round Trip" */;
			buildPhases = (
				28BA2FD82282003800EF9070 /* Sources */,
				28BA2FD92282003800EF9070 /* Frameworks */,
				28BA2FDA2282003800EF9070 /* Resources */,
			);
			buildRules = (
			);
			dependencies = (
			);
			name = "Round Trip";
			productName = "Round Trip";
			productReference = 28BA2FDC2282003800EF9070 /* Round Trip.app */;
			productType = "com.apple.product-type.application";
		};
		28BA2FF22282003900EF9070 /* Round TripTests */ = {
			isa = PBXNativeTarget;
			buildConfigurationList = 28BA300A2282003900EF9070 /* Build configuration list for PBXNativeTarget "Round TripTests" */;
			buildPhases = (
				28BA2FEF2282003900EF9070 /* Sources */,
				28BA2FF02282003900EF9070 /* Frameworks */,
				28BA2FF12282003900EF9070 /* Resources */,
			);
			buildRules = (
			);
			dependencies = (
				28BA2FF52282003900EF9070 /* PBXTargetDependency */,
			);
			name = "Round TripTests";
			productName = "Round TripTests";
			productReference = 28BA2FF32282003900EF9070 /* Round TripTests.xctest */;
			productType = "com.apple.product-type.bundle.unit-test";
		};
		28BA2FFD2282003900EF9070 /* Round TripUITests */ = {
			isa = PBXNativeTarget;
			buildConfigurationList = 28BA300D2282003900EF9070 /* Build configuration list for PBXNativeTarget "Round TripUITests" */;
			buildPhases = (
				28BA2FFA2282003900EF9070 /* Sources */,
				28BA2FFB2282003900EF9070 /* Frameworks */,
				28BA2FFC2282003900EF9070 /* Resources */,
			);
			buildRules = (
			);
			dependencies = (
				28BA30002282003900EF9070 /* PBXTargetDependency */,
			);
			name = "Round TripUITests";
			productName = "Round TripUITests";
			productReference = 28BA2FFE2282003900EF9070 /* Round TripUITests.xctest */;
			productType = "com.apple.product-type.bundle.ui-testing";
		};
/* End PBXNativeTarget section */

/* Begin PBXProject section */
		28BA2FD42282003800EF9070 /* Project object */ = {
			isa = PBXProject;
			attributes = {
				LastSwiftUpdateCheck = 1020;
				LastUpgradeCheck = 1020;
				ORGANIZATIONNAME = "Danh Phu Nguyen";
				TargetAttributes = {
					28BA2FDB2282003800EF9070 = {
						CreatedOnToolsVersion = 10.2.1;
					};
					28BA2FF22282003900EF9070 = {
						CreatedOnToolsVersion = 10.2.1;
						TestTargetID = 28BA2FDB2282003800EF9070;
					};
					28BA2FFD2282003900EF9070 = {
						CreatedOnToolsVersion = 10.2.1;
						TestTargetID = 28BA2FDB2282003800EF9070;
					};
				};
			};
			buildConfigurationList = 28BA2FD72282003800EF9070 /* Build configuration list for PBXProject "Round Trip" */;
			compatibilityVersion = "Xcode 9.3";
			developmentRegion = en;
			hasScannedForEncodings = 0;
			knownRegions = (
				en,
				Base,
			);
			mainGroup = 28BA2FD32282003800EF9070;
			productRefGroup = 28BA2FDD2282003800EF9070 /* Products */;
			projectDirPath = "";
			projectRoot = "";
			targets = (
				28BA2FDB2282003800EF9070 /* Round Trip */,
				28BA2FF22282003900EF9070 /* Round TripTests */,
				28BA2FFD2282003900EF9070 /* Round TripUITests */,
			);
		};
/* End PBXProject section */

/* Begin PBXResourcesBuildPhase section */
		28BA2FDA2282003800EF9070 /* Resources */ = {
			isa = PBXResourcesBuildPhase;
			buildActionMask = 2147483647;
			files = (
				28BA2FED2282003900EF9070 /* LaunchScreen.storyboard in Resources */,
				28BA2FEA2282003900EF9070 /* Assets.xcassets in Resources */,
				28BA2FE52282003800EF9070 /* Main.storyboard in Resources */,
			);
			runOnlyForDeploymentPostprocessing = 0;
		};
		28BA2FF12282003900EF9070 /* Resources */ = {
			isa = PBXResourcesBuildPhase;
			buildActionMask = 2147483647;
			files = (
			);
			runOnlyForDeploymentPostprocessing = 0;
		};
		28BA2FFC2282003900EF9070 /* Resources */ = {
			isa = PBXResourcesBuildPhase;
			buildActionMask = 2147483647;
			files = (
			);
			runOnlyForDeploymentPostprocessing = 0;
		};
/* End PBXResourcesBuildPhase section */

/* Begin PBXSourcesBuildPhase section */
		28BA2FD82282003800EF9070 /* Sources */ = {
			isa = PBXSourcesBuildPhase;
			buildActionMask = 2147483647;
			files = (
				28BA3016228210FF00EF9070 /* AddTripViewController.swift in Sources */,
				28BA30142282044D00EF9070 /* TripsTableViewCell.swift in Sources */,
				28BA2FE22282003800EF9070 /* TripsViewController.swift in Sources */,
				28BA2FE82282003800EF9070 /* Round_Trip.xcdatamodeld in Sources */,
				28BA2FE02282003800EF9070 /* AppDelegate.swift in Sources */,
			);
			runOnlyForDeploymentPostprocessing = 0;
		};
		28BA2FEF2282003900EF9070 /* Sources */ = {
			isa = PBXSourcesBuildPhase;
			buildActionMask = 2147483647;
			files = (
				28BA2FF82282003900EF9070 /* Round_TripTests.swift in Sources */,
			);
			runOnlyForDeploymentPostprocessing = 0;
		};
		28BA2FFA2282003900EF9070 /* Sources */ = {
			isa = PBXSourcesBuildPhase;
			buildActionMask = 2147483647;
			files = (
				28BA30032282003900EF9070 /* Round_TripUITests.swift in Sources */,
			);
			runOnlyForDeploymentPostprocessing = 0;
		};
/* End PBXSourcesBuildPhase section */

/* Begin PBXTargetDependency section */
		28BA2FF52282003900EF9070 /* PBXTargetDependency */ = {
			isa = PBXTargetDependency;
			target = 28BA2FDB2282003800EF9070 /* Round Trip */;
			targetProxy = 28BA2FF42282003900EF9070 /* PBXContainerItemProxy */;
		};
		28BA30002282003900EF9070 /* PBXTargetDependency */ = {
			isa = PBXTargetDependency;
			target = 28BA2FDB2282003800EF9070 /* Round Trip */;
			targetProxy = 28BA2FFF2282003900EF9070 /* PBXContainerItemProxy */;
		};
/* End PBXTargetDependency section */

/* Begin PBXVariantGroup section */
		28BA2FE32282003800EF9070 /* Main.storyboard */ = {
			isa = PBXVariantGroup;
			children = (
				28BA2FE42282003800EF9070 /* Base */,
			);
			name = Main.storyboard;
			sourceTree = "<group>";
		};
		28BA2FEB2282003900EF9070 /* LaunchScreen.storyboard */ = {
			isa = PBXVariantGroup;
			children = (
				28BA2FEC2282003900EF9070 /* Base */,
			);
			name = LaunchScreen.storyboard;
			sourceTree = "<group>";
		};
/* End PBXVariantGroup section */

/* Begin XCBuildConfiguration section */
		28BA30052282003900EF9070 /* Debug */ = {
			isa = XCBuildConfiguration;
			buildSettings = {
				ALWAYS_SEARCH_USER_PATHS = NO;
				CLANG_ANALYZER_NONNULL = YES;
				CLANG_ANALYZER_NUMBER_OBJECT_CONVERSION = YES_AGGRESSIVE;
				CLANG_CXX_LANGUAGE_STANDARD = "gnu++14";
				CLANG_CXX_LIBRARY = "libc++";
				CLANG_ENABLE_MODULES = YES;
				CLANG_ENABLE_OBJC_ARC = YES;
				CLANG_ENABLE_OBJC_WEAK = YES;
				CLANG_WARN_BLOCK_CAPTURE_AUTORELEASING = YES;
				CLANG_WARN_BOOL_CONVERSION = YES;
				CLANG_WARN_COMMA = YES;
				CLANG_WARN_CONSTANT_CONVERSION = YES;
				CLANG_WARN_DEPRECATED_OBJC_IMPLEMENTATIONS = YES;
				CLANG_WARN_DIRECT_OBJC_ISA_USAGE = YES_ERROR;
				CLANG_WARN_DOCUMENTATION_COMMENTS = YES;
				CLANG_WARN_EMPTY_BODY = YES;
				CLANG_WARN_ENUM_CONVERSION = YES;
				CLANG_WARN_INFINITE_RECURSION = YES;
				CLANG_WARN_INT_CONVERSION = YES;
				CLANG_WARN_NON_LITERAL_NULL_CONVERSION = YES;
				CLANG_WARN_OBJC_IMPLICIT_RETAIN_SELF = YES;
				CLANG_WARN_OBJC_LITERAL_CONVERSION = YES;
				CLANG_WARN_OBJC_ROOT_CLASS = YES_ERROR;
				CLANG_WARN_RANGE_LOOP_ANALYSIS = YES;
				CLANG_WARN_STRICT_PROTOTYPES = YES;
				CLANG_WARN_SUSPICIOUS_MOVE = YES;
				CLANG_WARN_UNGUARDED_AVAILABILITY = YES_AGGRESSIVE;
				CLANG_WARN_UNREACHABLE_CODE = YES;
				CLANG_WARN__DUPLICATE_METHOD_MATCH = YES;
				CODE_SIGN_IDENTITY = "iPhone Developer";
				COPY_PHASE_STRIP = NO;
				DEBUG_INFORMATION_FORMAT = dwarf;
				ENABLE_STRICT_OBJC_MSGSEND = YES;
				ENABLE_TESTABILITY = YES;
				GCC_C_LANGUAGE_STANDARD = gnu11;
				GCC_DYNAMIC_NO_PIC = NO;
				GCC_NO_COMMON_BLOCKS = YES;
				GCC_OPTIMIZATION_LEVEL = 0;
				GCC_PREPROCESSOR_DEFINITIONS = (
					"DEBUG=1",
					"$(inherited)",
				);
				GCC_WARN_64_TO_32_BIT_CONVERSION = YES;
				GCC_WARN_ABOUT_RETURN_TYPE = YES_ERROR;
				GCC_WARN_UNDECLARED_SELECTOR = YES;
				GCC_WARN_UNINITIALIZED_AUTOS = YES_AGGRESSIVE;
				GCC_WARN_UNUSED_FUNCTION = YES;
				GCC_WARN_UNUSED_VARIABLE = YES;
				IPHONEOS_DEPLOYMENT_TARGET = 12.2;
				MTL_ENABLE_DEBUG_INFO = INCLUDE_SOURCE;
				MTL_FAST_MATH = YES;
				ONLY_ACTIVE_ARCH = YES;
				SDKROOT = iphoneos;
				SWIFT_ACTIVE_COMPILATION_CONDITIONS = DEBUG;
				SWIFT_OPTIMIZATION_LEVEL = "-Onone";
			};
			name = Debug;
		};
		28BA30062282003900EF9070 /* Release */ = {
			isa = XCBuildConfiguration;
			buildSettings = {
				ALWAYS_SEARCH_USER_PATHS = NO;
				CLANG_ANALYZER_NONNULL = YES;
				CLANG_ANALYZER_NUMBER_OBJECT_CONVERSION = YES_AGGRESSIVE;
				CLANG_CXX_LANGUAGE_STANDARD = "gnu++14";
				CLANG_CXX_LIBRARY = "libc++";
				CLANG_ENABLE_MODULES = YES;
				CLANG_ENABLE_OBJC_ARC = YES;
				CLANG_ENABLE_OBJC_WEAK = YES;
				CLANG_WARN_BLOCK_CAPTURE_AUTORELEASING = YES;
				CLANG_WARN_BOOL_CONVERSION = YES;
				CLANG_WARN_COMMA = YES;
				CLANG_WARN_CONSTANT_CONVERSION = YES;
				CLANG_WARN_DEPRECATED_OBJC_IMPLEMENTATIONS = YES;
				CLANG_WARN_DIRECT_OBJC_ISA_USAGE = YES_ERROR;
				CLANG_WARN_DOCUMENTATION_COMMENTS = YES;
				CLANG_WARN_EMPTY_BODY = YES;
				CLANG_WARN_ENUM_CONVERSION = YES;
				CLANG_WARN_INFINITE_RECURSION = YES;
				CLANG_WARN_INT_CONVERSION = YES;
				CLANG_WARN_NON_LITERAL_NULL_CONVERSION = YES;
				CLANG_WARN_OBJC_IMPLICIT_RETAIN_SELF = YES;
				CLANG_WARN_OBJC_LITERAL_CONVERSION = YES;
				CLANG_WARN_OBJC_ROOT_CLASS = YES_ERROR;
				CLANG_WARN_RANGE_LOOP_ANALYSIS = YES;
				CLANG_WARN_STRICT_PROTOTYPES = YES;
				CLANG_WARN_SUSPICIOUS_MOVE = YES;
				CLANG_WARN_UNGUARDED_AVAILABILITY = YES_AGGRESSIVE;
				CLANG_WARN_UNREACHABLE_CODE = YES;
				CLANG_WARN__DUPLICATE_METHOD_MATCH = YES;
				CODE_SIGN_IDENTITY = "iPhone Developer";
				COPY_PHASE_STRIP = NO;
				DEBUG_INFORMATION_FORMAT = "dwarf-with-dsym";
				ENABLE_NS_ASSERTIONS = NO;
				ENABLE_STRICT_OBJC_MSGSEND = YES;
				GCC_C_LANGUAGE_STANDARD = gnu11;
				GCC_NO_COMMON_BLOCKS = YES;
				GCC_WARN_64_TO_32_BIT_CONVERSION = YES;
				GCC_WARN_ABOUT_RETURN_TYPE = YES_ERROR;
				GCC_WARN_UNDECLARED_SELECTOR = YES;
				GCC_WARN_UNINITIALIZED_AUTOS = YES_AGGRESSIVE;
				GCC_WARN_UNUSED_FUNCTION = YES;
				GCC_WARN_UNUSED_VARIABLE = YES;
				IPHONEOS_DEPLOYMENT_TARGET = 12.2;
				MTL_ENABLE_DEBUG_INFO = NO;
				MTL_FAST_MATH = YES;
				SDKROOT = iphoneos;
				SWIFT_COMPILATION_MODE = wholemodule;
				SWIFT_OPTIMIZATION_LEVEL = "-O";
				VALIDATE_PRODUCT = YES;
			};
			name = Release;
		};
		28BA30082282003900EF9070 /* Debug */ = {
			isa = XCBuildConfiguration;
			buildSettings = {
				ASSETCATALOG_COMPILER_APPICON_NAME = AppIcon;
				CODE_SIGN_STYLE = Automatic;
				DEVELOPMENT_TEAM = FBPU586293;
				INFOPLIST_FILE = "Round Trip/Info.plist";
				LD_RUNPATH_SEARCH_PATHS = (
					"$(inherited)",
					"@executable_path/Frameworks",
				);
				PRODUCT_BUNDLE_IDENTIFIER = "com.RyanNguyen.Round-Trip";
				PRODUCT_NAME = "$(TARGET_NAME)";
				SWIFT_VERSION = 5.0;
				TARGETED_DEVICE_FAMILY = "1,2";
			};
			name = Debug;
		};
		28BA30092282003900EF9070 /* Release */ = {
			isa = XCBuildConfiguration;
			buildSettings = {
				ASSETCATALOG_COMPILER_APPICON_NAME = AppIcon;
				CODE_SIGN_STYLE = Automatic;
				DEVELOPMENT_TEAM = FBPU586293;
				INFOPLIST_FILE = "Round Trip/Info.plist";
				LD_RUNPATH_SEARCH_PATHS = (
					"$(inherited)",
					"@executable_path/Frameworks",
				);
				PRODUCT_BUNDLE_IDENTIFIER = "com.RyanNguyen.Round-Trip";
				PRODUCT_NAME = "$(TARGET_NAME)";
				SWIFT_VERSION = 5.0;
				TARGETED_DEVICE_FAMILY = "1,2";
			};
			name = Release;
		};
		28BA300B2282003900EF9070 /* Debug */ = {
			isa = XCBuildConfiguration;
			buildSettings = {
				ALWAYS_EMBED_SWIFT_STANDARD_LIBRARIES = YES;
				BUNDLE_LOADER = "$(TEST_HOST)";
				CODE_SIGN_STYLE = Automatic;
				DEVELOPMENT_TEAM = FBPU586293;
				INFOPLIST_FILE = "Round TripTests/Info.plist";
				LD_RUNPATH_SEARCH_PATHS = (
					"$(inherited)",
					"@executable_path/Frameworks",
					"@loader_path/Frameworks",
				);
				PRODUCT_BUNDLE_IDENTIFIER = "com.RyanNguyen.Round-TripTests";
				PRODUCT_NAME = "$(TARGET_NAME)";
				SWIFT_VERSION = 5.0;
				TARGETED_DEVICE_FAMILY = "1,2";
				TEST_HOST = "$(BUILT_PRODUCTS_DIR)/Round Trip.app/Round Trip";
			};
			name = Debug;
		};
		28BA300C2282003900EF9070 /* Release */ = {
			isa = XCBuildConfiguration;
			buildSettings = {
				ALWAYS_EMBED_SWIFT_STANDARD_LIBRARIES = YES;
				BUNDLE_LOADER = "$(TEST_HOST)";
				CODE_SIGN_STYLE = Automatic;
				DEVELOPMENT_TEAM = FBPU586293;
				INFOPLIST_FILE = "Round TripTests/Info.plist";
				LD_RUNPATH_SEARCH_PATHS = (
					"$(inherited)",
					"@executable_path/Frameworks",
					"@loader_path/Frameworks",
				);
				PRODUCT_BUNDLE_IDENTIFIER = "com.RyanNguyen.Round-TripTests";
				PRODUCT_NAME = "$(TARGET_NAME)";
				SWIFT_VERSION = 5.0;
				TARGETED_DEVICE_FAMILY = "1,2";
				TEST_HOST = "$(BUILT_PRODUCTS_DIR)/Round Trip.app/Round Trip";
			};
			name = Release;
		};
		28BA300E2282003900EF9070 /* Debug */ = {
			isa = XCBuildConfiguration;
			buildSettings = {
				ALWAYS_EMBED_SWIFT_STANDARD_LIBRARIES = YES;
				CODE_SIGN_STYLE = Automatic;
				DEVELOPMENT_TEAM = FBPU586293;
				INFOPLIST_FILE = "Round TripUITests/Info.plist";
				LD_RUNPATH_SEARCH_PATHS = (
					"$(inherited)",
					"@executable_path/Frameworks",
					"@loader_path/Frameworks",
				);
				PRODUCT_BUNDLE_IDENTIFIER = "com.RyanNguyen.Round-TripUITests";
				PRODUCT_NAME = "$(TARGET_NAME)";
				SWIFT_VERSION = 5.0;
				TARGETED_DEVICE_FAMILY = "1,2";
				TEST_TARGET_NAME = "Round Trip";
			};
			name = Debug;
		};
		28BA300F2282003900EF9070 /* Release */ = {
			isa = XCBuildConfiguration;
			buildSettings = {
				ALWAYS_EMBED_SWIFT_STANDARD_LIBRARIES = YES;
				CODE_SIGN_STYLE = Automatic;
				DEVELOPMENT_TEAM = FBPU586293;
				INFOPLIST_FILE = "Round TripUITests/Info.plist";
				LD_RUNPATH_SEARCH_PATHS = (
					"$(inherited)",
					"@executable_path/Frameworks",
					"@loader_path/Frameworks",
				);
				PRODUCT_BUNDLE_IDENTIFIER = "com.RyanNguyen.Round-TripUITests";
				PRODUCT_NAME = "$(TARGET_NAME)";
				SWIFT_VERSION = 5.0;
				TARGETED_DEVICE_FAMILY = "1,2";
				TEST_TARGET_NAME = "Round Trip";
			};
			name = Release;
		};
/* End XCBuildConfiguration section */

/* Begin XCConfigurationList section */
		28BA2FD72282003800EF9070 /* Build configuration list for PBXProject "Round Trip" */ = {
			isa = XCConfigurationList;
			buildConfigurations = (
				28BA30052282003900EF9070 /* Debug */,
				28BA30062282003900EF9070 /* Release */,
			);
			defaultConfigurationIsVisible = 0;
			defaultConfigurationName = Release;
		};
		28BA30072282003900EF9070 /* Build configuration list for PBXNativeTarget "Round Trip" */ = {
			isa = XCConfigurationList;
			buildConfigurations = (
				28BA30082282003900EF9070 /* Debug */,
				28BA30092282003900EF9070 /* Release */,
			);
			defaultConfigurationIsVisible = 0;
			defaultConfigurationName = Release;
		};
		28BA300A2282003900EF9070 /* Build configuration list for PBXNativeTarget "Round TripTests" */ = {
			isa = XCConfigurationList;
			buildConfigurations = (
				28BA300B2282003900EF9070 /* Debug */,
				28BA300C2282003900EF9070 /* Release */,
			);
			defaultConfigurationIsVisible = 0;
			defaultConfigurationName = Release;
		};
		28BA300D2282003900EF9070 /* Build configuration list for PBXNativeTarget "Round TripUITests" */ = {
			isa = XCConfigurationList;
			buildConfigurations = (
				28BA300E2282003900EF9070 /* Debug */,
				28BA300F2282003900EF9070 /* Release */,
			);
			defaultConfigurationIsVisible = 0;
			defaultConfigurationName = Release;
		};
/* End XCConfigurationList section */

/* Begin XCVersionGroup section */
		28BA2FE62282003800EF9070 /* Round_Trip.xcdatamodeld */ = {
			isa = XCVersionGroup;
			children = (
				28BA2FE72282003800EF9070 /* Round_Trip.xcdatamodel */,
			);
			currentVersion = 28BA2FE72282003800EF9070 /* Round_Trip.xcdatamodel */;
			path = Round_Trip.xcdatamodeld;
			sourceTree = "<group>";
			versionGroupType = wrapper.xcdatamodel;
		};
/* End XCVersionGroup section */
	};
	rootObject = 28BA2FD42282003800EF9070 /* Project object */;
}
